
Microsoft Visual Studio Solution File, Format Version 12.00
# Visual Studio 15
VisualStudioVersion = 15.0.28010.2048
MinimumVisualStudioVersion = 10.0.40219.1
Project("{FAE04EC0-301F-11D3-BF4B-00C04F79EFBC}") = "PIM", "PIM\PIM.csproj", "{2603B196-BD1A-463B-A8B2-E3199BCD49D7}"
EndProject
Global
	GlobalSection(SolutionConfigurationPlatforms) = preSolution
		Debug|Any CPU = Debug|Any CPU
		Release|Any CPU = Release|Any CPU
	EndGlobalSection
	GlobalSection(ProjectConfigurationPlatforms) = postSolution
		{2603B196-BD1A-463B-A8B2-E3199BCD49D7}.Debug|Any CPU.ActiveCfg = Debug|Any CPU
		{2603B196-BD1A-463B-A8B2-E3199BCD49D7}.Debug|Any CPU.Build.0 = Debug|Any CPU
		{2603B196-BD1A-463B-A8B2-E3199BCD49D7}.Release|Any CPU.ActiveCfg = Release|Any CPU
		{2603B196-BD1A-463B-A8B2-E3199BCD49D7}.Release|Any CPU.Build.0 = Release|Any CPU
	EndGlobalSection
	GlobalSection(SolutionProperties) = preSolution
		HideSolutionNode = FALSE
	EndGlobalSection
	GlobalSection(ExtensibilityGlobals) = postSolution
		SolutionGuid = {FF029565-7FA5-47C5-8870-15F97504B9B1}
	EndGlobalSection
EndGlobal
